
Microsoft Visual Studio Solution File, Format Version 12.00
# Visual Studio Version 16
VisualStudioVersion = 16.0.31129.286
MinimumVisualStudioVersion = 10.0.40219.1
Project("{9A19103F-16F7-4668-BE54-9A1E7A4F7556}") = "ExdTech.ImageServer", "ExdTech.ImageServer\ExdTech.ImageServer.csproj", "{45D591A5-5820-4C97-9BF8-E01C83D65C5C}"
EndProject
Project("{9A19103F-16F7-4668-BE54-9A1E7A4F7556}") = "ExdTech.ImageProcessing", "ExdTech.ImageProcessing\ExdTech.ImageProcessing.csproj", "{9ABED82F-1EB2-4FDE-B393-852643D664B1}"
EndProject
Project("{9A19103F-16F7-4668-BE54-9A1E7A4F7556}") = "ExdTech.AzureBlobAccess", "ExdTech.ImageBlobAccess\ExdTech.AzureBlobAccess.csproj", "{E2571473-CDD2-4990-9AC2-581A737C08AA}"
EndProject
Project("{9A19103F-16F7-4668-BE54-9A1E7A4F7556}") = "ExdTech.ImageServer.Contract", "ExdTech.ImageServer.Contract\ExdTech.ImageServer.Contract.csproj", "{D0FED7A6-92CC-4642-A112-FBC2CCF3382F}"
EndProject
Global
	GlobalSection(SolutionConfigurationPlatforms) = preSolution
		Debug|Any CPU = Debug|Any CPU
		Release|Any CPU = Release|Any CPU
	EndGlobalSection
	GlobalSection(ProjectConfigurationPlatforms) = postSolution
		{45D591A5-5820-4C97-9BF8-E01C83D65C5C}.Debug|Any CPU.ActiveCfg = Debug|Any CPU
		{45D591A5-5820-4C97-9BF8-E01C83D65C5C}.Debug|Any CPU.Build.0 = Debug|Any CPU
		{45D591A5-5820-4C97-9BF8-E01C83D65C5C}.Release|Any CPU.ActiveCfg = Release|Any CPU
		{45D591A5-5820-4C97-9BF8-E01C83D65C5C}.Release|Any CPU.Build.0 = Release|Any CPU
		{9ABED82F-1EB2-4FDE-B393-852643D664B1}.Debug|Any CPU.ActiveCfg = Debug|Any CPU
		{9ABED82F-1EB2-4FDE-B393-852643D664B1}.Debug|Any CPU.Build.0 = Debug|Any CPU
		{9ABED82F-1EB2-4FDE-B393-852643D664B1}.Release|Any CPU.ActiveCfg = Release|Any CPU
		{9ABED82F-1EB2-4FDE-B393-852643D664B1}.Release|Any CPU.Build.0 = Release|Any CPU
		{E2571473-CDD2-4990-9AC2-581A737C08AA}.Debug|Any CPU.ActiveCfg = Debug|Any CPU
		{E2571473-CDD2-4990-9AC2-581A737C08AA}.Debug|Any CPU.Build.0 = Debug|Any CPU
		{E2571473-CDD2-4990-9AC2-581A737C08AA}.Release|Any CPU.ActiveCfg = Release|Any CPU
		{E2571473-CDD2-4990-9AC2-581A737C08AA}.Release|Any CPU.Build.0 = Release|Any CPU
		{D0FED7A6-92CC-4642-A112-FBC2CCF3382F}.Debug|Any CPU.ActiveCfg = Debug|Any CPU
		{D0FED7A6-92CC-4642-A112-FBC2CCF3382F}.Debug|Any CPU.Build.0 = Debug|Any CPU
		{D0FED7A6-92CC-4642-A112-FBC2CCF3382F}.Release|Any CPU.ActiveCfg = Release|Any CPU
		{D0FED7A6-92CC-4642-A112-FBC2CCF3382F}.Release|Any CPU.Build.0 = Release|Any CPU
	EndGlobalSection
	GlobalSection(SolutionProperties) = preSolution
		HideSolutionNode = FALSE
	EndGlobalSection
	GlobalSection(ExtensibilityGlobals) = postSolution
		SolutionGuid = {DA2F0416-C236-42A9-9268-407AF3201DCA}
	EndGlobalSection
EndGlobal
